
Microsoft Visual Studio Solution File, Format Version 12.00
# Visual Studio Version 17
VisualStudioVersion = 17.3.32929.385
MinimumVisualStudioVersion = 10.0.40219.1
Project("{9A19103F-16F7-4668-BE54-9A1E7A4F7556}") = "XRPL.TrustlineService", "TrustlineService\XRPL.TrustlineService.csproj", "{7614537A-D247-4581-9C96-D1AB6CE07E7C}"
EndProject
Project("{FAE04EC0-301F-11D3-BF4B-00C04F79EFBC}") = "ConsoleClient.Test", "Test\ConsoleClient.Test\ConsoleClient.Test.csproj", "{6AFCCA38-68D4-4BE6-AB30-4482B3C053ED}"
EndProject
Global
	GlobalSection(SolutionConfigurationPlatforms) = preSolution
		Debug|Any CPU = Debug|Any CPU
		Release|Any CPU = Release|Any CPU
	EndGlobalSection
	GlobalSection(ProjectConfigurationPlatforms) = postSolution
		{7614537A-D247-4581-9C96-D1AB6CE07E7C}.Debug|Any CPU.ActiveCfg = Debug|Any CPU
		{7614537A-D247-4581-9C96-D1AB6CE07E7C}.Debug|Any CPU.Build.0 = Debug|Any CPU
		{7614537A-D247-4581-9C96-D1AB6CE07E7C}.Release|Any CPU.ActiveCfg = Release|Any CPU
		{7614537A-D247-4581-9C96-D1AB6CE07E7C}.Release|Any CPU.Build.0 = Release|Any CPU
		{6AFCCA38-68D4-4BE6-AB30-4482B3C053ED}.Debug|Any CPU.ActiveCfg = Debug|Any CPU
		{6AFCCA38-68D4-4BE6-AB30-4482B3C053ED}.Debug|Any CPU.Build.0 = Debug|Any CPU
		{6AFCCA38-68D4-4BE6-AB30-4482B3C053ED}.Release|Any CPU.ActiveCfg = Release|Any CPU
		{6AFCCA38-68D4-4BE6-AB30-4482B3C053ED}.Release|Any CPU.Build.0 = Release|Any CPU
	EndGlobalSection
	GlobalSection(SolutionProperties) = preSolution
		HideSolutionNode = FALSE
	EndGlobalSection
	GlobalSection(ExtensibilityGlobals) = postSolution
		SolutionGuid = {CD58AA63-9123-45AA-BA20-2FB8745D3CA9}
	EndGlobalSection
EndGlobal
